// !$*UTF8*$!
{
	archiveVersion = 1;
	classes = {
	};
	objectVersion = 77;
	objects = {

/* Begin PBXContainerItemProxy section */
		FAB1FF342ECFD99700170BA4 /* PBXContainerItemProxy */ = {
			isa = PBXContainerItemProxy;
			containerPortal = FAB1FF1B2ECFD99400170BA4 /* Project object */;
			proxyType = 1;
			remoteGlobalIDString = FAB1FF222ECFD99400170BA4;
			remoteInfo = techNotify;
		};
		FAB1FF3E2ECFD99800170BA4 /* PBXContainerItemProxy */ = {
			isa = PBXContainerItemProxy;
			containerPortal = FAB1FF1B2ECFD99400170BA4 /* Project object */;
			proxyType = 1;
			remoteGlobalIDString = FAB1FF222ECFD99400170BA4;
			remoteInfo = techNotify;
		};
/* End PBXContainerItemProxy section */

/* Begin PBXFileReference section */
		FAB1FF232ECFD99400170BA4 /* techNotify.app */ = {isa = PBXFileReference; explicitFileType = wrapper.application; includeInIndex = 0; path = techNotify.app; sourceTree = BUILT_PRODUCTS_DIR; };
		FAB1FF332ECFD99700170BA4 /* techNotifyTests.xctest */ = {isa = PBXFileReference; explicitFileType = wrapper.cfbundle; includeInIndex = 0; path = techNotifyTests.xctest; sourceTree = BUILT_PRODUCTS_DIR; };
		FAB1FF3D2ECFD99800170BA4 /* techNotifyUITests.xctest */ = {isa = PBXFileReference; explicitFileType = wrapper.cfbundle; includeInIndex = 0; path = techNotifyUITests.xctest; sourceTree = BUILT_PRODUCTS_DIR; };
/* End PBXFileReference section */

/* Begin PBXFileSystemSynchronizedRootGroup section */
		FAB1FF252ECFD99400170BA4 /* techNotify */ = {
			isa = PBXFileSystemSynchronizedRootGroup;
			path = techNotify;
			sourceTree = "<group>";
		};
		FAB1FF362ECFD99700170BA4 /* techNotifyTests */ = {
			isa = PBXFileSystemSynchronizedRootGroup;
			path = techNotifyTests;
			sourceTree = "<group>";
		};
		FAB1FF402ECFD99800170BA4 /* techNotifyUITests */ = {
			isa = PBXFileSystemSynchronizedRootGroup;
			path = techNotifyUITests;
			sourceTree = "<group>";
		};
/* End PBXFileSystemSynchronizedRootGroup section */

/* Begin PBXFrameworksBuildPhase section */
		FAB1FF202ECFD99400170BA4 /* Frameworks */ = {
			isa = PBXFrameworksBuildPhase;
			buildActionMask = 2147483647;
			files = (
			);
			runOnlyForDeploymentPostprocessing = 0;
		};
		FAB1FF302ECFD99700170BA4 /* Frameworks */ = {
			isa = PBXFrameworksBuildPhase;
			buildActionMask = 2147483647;
			files = (
			);
			runOnlyForDeploymentPostprocessing = 0;
		};
		FAB1FF3A2ECFD99800170BA4 /* Frameworks */ = {
			isa = PBXFrameworksBuildPhase;
			buildActionMask = 2147483647;
			files = (
			);
			runOnlyForDeploymentPostprocessing = 0;
		};
/* End PBXFrameworksBuildPhase section */

/* Begin PBXGroup section */
		FAB1FF1A2ECFD99400170BA4 = {
			isa = PBXGroup;
			children = (
				FAB1FF252ECFD99400170BA4 /* techNotify */,
				FAB1FF362ECFD99700170BA4 /* techNotifyTests */,
				FAB1FF402ECFD99800170BA4 /* techNotifyUITests */,
				FAB1FF242ECFD99400170BA4 /* Products */,
			);
			sourceTree = "<group>";
		};
		FAB1FF242ECFD99400170BA4 /* Products */ = {
			isa = PBXGroup;
			children = (
				FAB1FF232ECFD99400170BA4 /* techNotify.app */,
				FAB1FF332ECFD99700170BA4 /* techNotifyTests.xctest */,
				FAB1FF3D2ECFD99800170BA4 /* techNotifyUITests.xctest */,
			);
			name = Products;
			sourceTree = "<group>";
		};
/* End PBXGroup section */

/* Begin PBXNativeTarget section */
		FAB1FF222ECFD99400170BA4 /* techNotify */ = {
			isa = PBXNativeTarget;
			buildConfigurationList = FAB1FF472ECFD99800170BA4 /* Build configuration list for PBXNativeTarget "techNotify" */;
			buildPhases = (
				FAB1FF1F2ECFD99400170BA4 /* Sources */,
				FAB1FF202ECFD99400170BA4 /* Frameworks */,
				FAB1FF212ECFD99400170BA4 /* Resources */,
			);
			buildRules = (
			);
			dependencies = (
			);
			fileSystemSynchronizedGroups = (
				FAB1FF252ECFD99400170BA4 /* techNotify */,
			);
			name = techNotify;
			packageProductDependencies = (
			);
			productName = techNotify;
			productReference = FAB1FF232ECFD99400170BA4 /* techNotify.app */;
			productType = "com.apple.product-type.application";
		};
		FAB1FF322ECFD99700170BA4 /* techNotifyTests */ = {
			isa = PBXNativeTarget;
			buildConfigurationList = FAB1FF4A2ECFD99800170BA4 /* Build configuration list for PBXNativeTarget "techNotifyTests" */;
			buildPhases = (
				FAB1FF2F2ECFD99700170BA4 /* Sources */,
				FAB1FF302ECFD99700170BA4 /* Frameworks */,
				FAB1FF312ECFD99700170BA4 /* Resources */,
			);
			buildRules = (
			);
			dependencies = (
				FAB1FF352ECFD99700170BA4 /* PBXTargetDependency */,
			);
			fileSystemSynchronizedGroups = (
				FAB1FF362ECFD99700170BA4 /* techNotifyTests */,
			);
			name = techNotifyTests;
			packageProductDependencies = (
			);
			productName = techNotifyTests;
			productReference = FAB1FF332ECFD99700170BA4 /* techNotifyTests.xctest */;
			productType = "com.apple.product-type.bundle.unit-test";
		};
		FAB1FF3C2ECFD99800170BA4 /* techNotifyUITests */ = {
			isa = PBXNativeTarget;
			buildConfigurationList = FAB1FF4D2ECFD99800170BA4 /* Build configuration list for PBXNativeTarget "techNotifyUITests" */;
			buildPhases = (
				FAB1FF392ECFD99800170BA4 /* Sources */,
				FAB1FF3A2ECFD99800170BA4 /* Frameworks */,
				FAB1FF3B2ECFD99800170BA4 /* Resources */,
			);
			buildRules = (
			);
			dependencies = (
				FAB1FF3F2ECFD99800170BA4 /* PBXTargetDependency */,
			);
			fileSystemSynchronizedGroups = (
				FAB1FF402ECFD99800170BA4 /* techNotifyUITests */,
			);
			name = techNotifyUITests;
			packageProductDependencies = (
			);
			productName = techNotifyUITests;
			productReference = FAB1FF3D2ECFD99800170BA4 /* techNotifyUITests.xctest */;
			productType = "com.apple.product-type.bundle.ui-testing";
		};
/* End PBXNativeTarget section */

/* Begin PBXProject section */
		FAB1FF1B2ECFD99400170BA4 /* Project object */ = {
			isa = PBXProject;
			attributes = {
				BuildIndependentTargetsInParallel = 1;
				LastSwiftUpdateCheck = 1620;
				LastUpgradeCheck = 1620;
				TargetAttributes = {
					FAB1FF222ECFD99400170BA4 = {
						CreatedOnToolsVersion = 16.2;
					};
					FAB1FF322ECFD99700170BA4 = {
						CreatedOnToolsVersion = 16.2;
						TestTargetID = FAB1FF222ECFD99400170BA4;
					};
					FAB1FF3C2ECFD99800170BA4 = {
						CreatedOnToolsVersion = 16.2;
						TestTargetID = FAB1FF222ECFD99400170BA4;
					};
				};
			};
			buildConfigurationList = FAB1FF1E2ECFD99400170BA4 /* Build configuration list for PBXProject "techNotify" */;
			developmentRegion = en;
			hasScannedForEncodings = 0;
			knownRegions = (
				en,
				Base,
			);
			mainGroup = FAB1FF1A2ECFD99400170BA4;
			minimizedProjectReferenceProxies = 1;
			preferredProjectObjectVersion = 77;
			productRefGroup = FAB1FF242ECFD99400170BA4 /* Products */;
			projectDirPath = "";
			projectRoot = "";
			targets = (
				FAB1FF222ECFD99400170BA4 /* techNotify */,
				FAB1FF322ECFD99700170BA4 /* techNotifyTests */,
				FAB1FF3C2ECFD99800170BA4 /* techNotifyUITests */,
			);
		};
/* End PBXProject section */

/* Begin PBXResourcesBuildPhase section */
		FAB1FF212ECFD99400170BA4 /* Resources */ = {
			isa = PBXResourcesBuildPhase;
			buildActionMask = 2147483647;
			files = (
			);
			runOnlyForDeploymentPostprocessing = 0;
		};
		FAB1FF312ECFD99700170BA4 /* Resources */ = {
			isa = PBXResourcesBuildPhase;
			buildActionMask = 2147483647;
			files = (
			);
			runOnlyForDeploymentPostprocessing = 0;
		};
		FAB1FF3B2ECFD99800170BA4 /* Resources */ = {
			isa = PBXResourcesBuildPhase;
			buildActionMask = 2147483647;
			files = (
			);
			runOnlyForDeploymentPostprocessing = 0;
		};
/* End PBXResourcesBuildPhase section */

/* Begin PBXSourcesBuildPhase section */
		FAB1FF1F2ECFD99400170BA4 /* Sources */ = {
			isa = PBXSourcesBuildPhase;
			buildActionMask = 2147483647;
			files = (
			);
			runOnlyForDeploymentPostprocessing = 0;
		};
		FAB1FF2F2ECFD99700170BA4 /* Sources */ = {
			isa = PBXSourcesBuildPhase;
			buildActionMask = 2147483647;
			files = (
			);
			runOnlyForDeploymentPostprocessing = 0;
		};
		FAB1FF392ECFD99800170BA4 /* Sources */ = {
			isa = PBXSourcesBuildPhase;
			buildActionMask = 2147483647;
			files = (
			);
			runOnlyForDeploymentPostprocessing = 0;
		};
/* End PBXSourcesBuildPhase section */

/* Begin PBXTargetDependency section */
		FAB1FF352ECFD99700170BA4 /* PBXTargetDependency */ = {
			isa = PBXTargetDependency;
			target = FAB1FF222ECFD99400170BA4 /* techNotify */;
			targetProxy = FAB1FF342ECFD99700170BA4 /* PBXContainerItemProxy */;
		};
		FAB1FF3F2ECFD99800170BA4 /* PBXTargetDependency */ = {
			isa = PBXTargetDependency;
			target = FAB1FF222ECFD99400170BA4 /* techNotify */;
			targetProxy = FAB1FF3E2ECFD99800170BA4 /* PBXContainerItemProxy */;
		};
/* End PBXTargetDependency section */

/* Begin XCBuildConfiguration section */
		FAB1FF452ECFD99800170BA4 /* Debug */ = {
			isa = XCBuildConfiguration;
			buildSettings = {
				ALWAYS_SEARCH_USER_PATHS = NO;
				ASSETCATALOG_COMPILER_GENERATE_SWIFT_ASSET_SYMBOL_EXTENSIONS = YES;
				CLANG_ANALYZER_NONNULL = YES;
				CLANG_ANALYZER_NUMBER_OBJECT_CONVERSION = YES_AGGRESSIVE;
				CLANG_CXX_LANGUAGE_STANDARD = "gnu++20";
				CLANG_ENABLE_MODULES = YES;
				CLANG_ENABLE_OBJC_ARC = YES;
				CLANG_ENABLE_OBJC_WEAK = YES;
				CLANG_WARN_BLOCK_CAPTURE_AUTORELEASING = YES;
				CLANG_WARN_BOOL_CONVERSION = YES;
				CLANG_WARN_COMMA = YES;
				CLANG_WARN_CONSTANT_CONVERSION = YES;
				CLANG_WARN_DEPRECATED_OBJC_IMPLEMENTATIONS = YES;
				CLANG_WARN_DIRECT_OBJC_ISA_USAGE = YES_ERROR;
				CLANG_WARN_DOCUMENTATION_COMMENTS = YES;
				CLANG_WARN_EMPTY_BODY = YES;
				CLANG_WARN_ENUM_CONVERSION = YES;
				CLANG_WARN_INFINITE_RECURSION = YES;
				CLANG_WARN_INT_CONVERSION = YES;
				CLANG_WARN_NON_LITERAL_NULL_CONVERSION = YES;
				CLANG_WARN_OBJC_IMPLICIT_RETAIN_SELF = YES;
				CLANG_WARN_OBJC_LITERAL_CONVERSION = YES;
				CLANG_WARN_OBJC_ROOT_CLASS = YES_ERROR;
				CLANG_WARN_QUOTED_INCLUDE_IN_FRAMEWORK_HEADER = YES;
				CLANG_WARN_RANGE_LOOP_ANALYSIS = YES;
				CLANG_WARN_STRICT_PROTOTYPES = YES;
				CLANG_WARN_SUSPICIOUS_MOVE = YES;
				CLANG_WARN_UNGUARDED_AVAILABILITY = YES_AGGRESSIVE;
				CLANG_WARN_UNREACHABLE_CODE = YES;
				CLANG_WARN__DUPLICATE_METHOD_MATCH = YES;
				COPY_PHASE_STRIP = NO;
				DEBUG_INFORMATION_FORMAT = dwarf;
				ENABLE_STRICT_OBJC_MSGSEND = YES;
				ENABLE_TESTABILITY = YES;
				ENABLE_USER_SCRIPT_SANDBOXING = YES;
				GCC_C_LANGUAGE_STANDARD = gnu17;
				GCC_DYNAMIC_NO_PIC = NO;
				GCC_NO_COMMON_BLOCKS = YES;
				GCC_OPTIMIZATION_LEVEL = 0;
				GCC_PREPROCESSOR_DEFINITIONS = (
					"DEBUG=1",
					"$(inherited)",
				);
				GCC_WARN_64_TO_32_BIT_CONVERSION = YES;
				GCC_WARN_ABOUT_RETURN_TYPE = YES_ERROR;
				GCC_WARN_UNDECLARED_SELECTOR = YES;
				GCC_WARN_UNINITIALIZED_AUTOS = YES_AGGRESSIVE;
				GCC_WARN_UNUSED_FUNCTION = YES;
				GCC_WARN_UNUSED_VARIABLE = YES;
				IPHONEOS_DEPLOYMENT_TARGET = 18.2;
				LOCALIZATION_PREFERS_STRING_CATALOGS = YES;
				MTL_ENABLE_DEBUG_INFO = INCLUDE_SOURCE;
				MTL_FAST_MATH = YES;
				ONLY_ACTIVE_ARCH = YES;
				SDKROOT = iphoneos;
				SWIFT_ACTIVE_COMPILATION_CONDITIONS = "DEBUG $(inherited)";
				SWIFT_OPTIMIZATION_LEVEL = "-Onone";
			};
			name = Debug;
		};
		FAB1FF462ECFD99800170BA4 /* Release */ = {
			isa = XCBuildConfiguration;
			buildSettings = {
				ALWAYS_SEARCH_USER_PATHS = NO;
				ASSETCATALOG_COMPILER_GENERATE_SWIFT_ASSET_SYMBOL_EXTENSIONS = YES;
				CLANG_ANALYZER_NONNULL = YES;
				CLANG_ANALYZER_NUMBER_OBJECT_CONVERSION = YES_AGGRESSIVE;
				CLANG_CXX_LANGUAGE_STANDARD = "gnu++20";
				CLANG_ENABLE_MODULES = YES;
				CLANG_ENABLE_OBJC_ARC = YES;
				CLANG_ENABLE_OBJC_WEAK = YES;
				CLANG_WARN_BLOCK_CAPTURE_AUTORELEASING = YES;
				CLANG_WARN_BOOL_CONVERSION = YES;
				CLANG_WARN_COMMA = YES;
				CLANG_WARN_CONSTANT_CONVERSION = YES;
				CLANG_WARN_DEPRECATED_OBJC_IMPLEMENTATIONS = YES;
				CLANG_WARN_DIRECT_OBJC_ISA_USAGE = YES_ERROR;
				CLANG_WARN_DOCUMENTATION_COMMENTS = YES;
				CLANG_WARN_EMPTY_BODY = YES;
				CLANG_WARN_ENUM_CONVERSION = YES;
				CLANG_WARN_INFINITE_RECURSION = YES;
				CLANG_WARN_INT_CONVERSION = YES;
				CLANG_WARN_NON_LITERAL_NULL_CONVERSION = YES;
				CLANG_WARN_OBJC_IMPLICIT_RETAIN_SELF = YES;
				CLANG_WARN_OBJC_LITERAL_CONVERSION = YES;
				CLANG_WARN_OBJC_ROOT_CLASS = YES_ERROR;
				CLANG_WARN_QUOTED_INCLUDE_IN_FRAMEWORK_HEADER = YES;
				CLANG_WARN_RANGE_LOOP_ANALYSIS = YES;
				CLANG_WARN_STRICT_PROTOTYPES = YES;
				CLANG_WARN_SUSPICIOUS_MOVE = YES;
				CLANG_WARN_UNGUARDED_AVAILABILITY = YES_AGGRESSIVE;
				CLANG_WARN_UNREACHABLE_CODE = YES;
				CLANG_WARN__DUPLICATE_METHOD_MATCH = YES;
				COPY_PHASE_STRIP = NO;
				DEBUG_INFORMATION_FORMAT = "dwarf-with-dsym";
				ENABLE_NS_ASSERTIONS = NO;
				ENABLE_STRICT_OBJC_MSGSEND = YES;
				ENABLE_USER_SCRIPT_SANDBOXING = YES;
				GCC_C_LANGUAGE_STANDARD = gnu17;
				GCC_NO_COMMON_BLOCKS = YES;
				GCC_WARN_64_TO_32_BIT_CONVERSION = YES;
				GCC_WARN_ABOUT_RETURN_TYPE = YES_ERROR;
				GCC_WARN_UNDECLARED_SELECTOR = YES;
				GCC_WARN_UNINITIALIZED_AUTOS = YES_AGGRESSIVE;
				GCC_WARN_UNUSED_FUNCTION = YES;
				GCC_WARN_UNUSED_VARIABLE = YES;
				IPHONEOS_DEPLOYMENT_TARGET = 18.2;
				LOCALIZATION_PREFERS_STRING_CATALOGS = YES;
				MTL_ENABLE_DEBUG_INFO = NO;
				MTL_FAST_MATH = YES;
				SDKROOT = iphoneos;
				SWIFT_COMPILATION_MODE = wholemodule;
				VALIDATE_PRODUCT = YES;
			};
			name = Release;
		};
		FAB1FF482ECFD99800170BA4 /* Debug */ = {
			isa = XCBuildConfiguration;
			buildSettings = {
				ASSETCATALOG_COMPILER_APPICON_NAME = AppIcon;
				ASSETCATALOG_COMPILER_GLOBAL_ACCENT_COLOR_NAME = AccentColor;
				CODE_SIGN_STYLE = Automatic;
				CURRENT_PROJECT_VERSION = 1;
				DEVELOPMENT_ASSET_PATHS = "\"techNotify/Preview Content\"";
				DEVELOPMENT_TEAM = 6XVGR22BPV;
				ENABLE_PREVIEWS = YES;
				GENERATE_INFOPLIST_FILE = YES;
				INFOPLIST_KEY_UIApplicationSceneManifest_Generation = YES;
				INFOPLIST_KEY_UIApplicationSupportsIndirectInputEvents = YES;
				INFOPLIST_KEY_UILaunchScreen_Generation = YES;
				INFOPLIST_KEY_UISupportedInterfaceOrientations_iPad = "UIInterfaceOrientationPortrait UIInterfaceOrientationPortraitUpsideDown UIInterfaceOrientationLandscapeLeft UIInterfaceOrientationLandscapeRight";
				INFOPLIST_KEY_UISupportedInterfaceOrientations_iPhone = "UIInterfaceOrientationPortrait UIInterfaceOrientationLandscapeLeft UIInterfaceOrientationLandscapeRight";
				LD_RUNPATH_SEARCH_PATHS = (
					"$(inherited)",
					"@executable_path/Frameworks",
				);
				MARKETING_VERSION = 1.0;
				PRODUCT_BUNDLE_IDENTIFIER = com.veswip.techNotify;
				PRODUCT_NAME = "$(TARGET_NAME)";
				SWIFT_EMIT_LOC_STRINGS = YES;
				SWIFT_VERSION = 5.0;
				TARGETED_DEVICE_FAMILY = "1,2";
			};
			name = Debug;
		};
		FAB1FF492ECFD99800170BA4 /* Release */ = {
			isa = XCBuildConfiguration;
			buildSettings = {
				ASSETCATALOG_COMPILER_APPICON_NAME = AppIcon;
				ASSETCATALOG_COMPILER_GLOBAL_ACCENT_COLOR_NAME = AccentColor;
				CODE_SIGN_STYLE = Automatic;
				CURRENT_PROJECT_VERSION = 1;
				DEVELOPMENT_ASSET_PATHS = "\"techNotify/Preview Content\"";
				DEVELOPMENT_TEAM = 6XVGR22BPV;
				ENABLE_PREVIEWS = YES;
				GENERATE_INFOPLIST_FILE = YES;
				INFOPLIST_KEY_UIApplicationSceneManifest_Generation = YES;
				INFOPLIST_KEY_UIApplicationSupportsIndirectInputEvents = YES;
				INFOPLIST_KEY_UILaunchScreen_Generation = YES;
				INFOPLIST_KEY_UISupportedInterfaceOrientations_iPad = "UIInterfaceOrientationPortrait UIInterfaceOrientationPortraitUpsideDown UIInterfaceOrientationLandscapeLeft UIInterfaceOrientationLandscapeRight";
				INFOPLIST_KEY_UISupportedInterfaceOrientations_iPhone = "UIInterfaceOrientationPortrait UIInterfaceOrientationLandscapeLeft UIInterfaceOrientationLandscapeRight";
				LD_RUNPATH_SEARCH_PATHS = (
					"$(inherited)",
					"@executable_path/Frameworks",
				);
				MARKETING_VERSION = 1.0;
				PRODUCT_BUNDLE_IDENTIFIER = com.veswip.techNotify;
				PRODUCT_NAME = "$(TARGET_NAME)";
				SWIFT_EMIT_LOC_STRINGS = YES;
				SWIFT_VERSION = 5.0;
				TARGETED_DEVICE_FAMILY = "1,2";
			};
			name = Release;
		};
		FAB1FF4B2ECFD99800170BA4 /* Debug */ = {
			isa = XCBuildConfiguration;
			buildSettings = {
				BUNDLE_LOADER = "$(TEST_HOST)";
				CODE_SIGN_STYLE = Automatic;
				CURRENT_PROJECT_VERSION = 1;
				DEVELOPMENT_TEAM = 6XVGR22BPV;
				GENERATE_INFOPLIST_FILE = YES;
				IPHONEOS_DEPLOYMENT_TARGET = 18.2;
				MARKETING_VERSION = 1.0;
				PRODUCT_BUNDLE_IDENTIFIER = com.veswip.techNotifyTests;
				PRODUCT_NAME = "$(TARGET_NAME)";
				SWIFT_EMIT_LOC_STRINGS = NO;
				SWIFT_VERSION = 5.0;
				TARGETED_DEVICE_FAMILY = "1,2";
				TEST_HOST = "$(BUILT_PRODUCTS_DIR)/techNotify.app/$(BUNDLE_EXECUTABLE_FOLDER_PATH)/techNotify";
			};
			name = Debug;
		};
		FAB1FF4C2ECFD99800170BA4 /* Release */ = {
			isa = XCBuildConfiguration;
			buildSettings = {
				BUNDLE_LOADER = "$(TEST_HOST)";
				CODE_SIGN_STYLE = Automatic;
				CURRENT_PROJECT_VERSION = 1;
				DEVELOPMENT_TEAM = 6XVGR22BPV;
				GENERATE_INFOPLIST_FILE = YES;
				IPHONEOS_DEPLOYMENT_TARGET = 18.2;
				MARKETING_VERSION = 1.0;
				PRODUCT_BUNDLE_IDENTIFIER = com.veswip.techNotifyTests;
				PRODUCT_NAME = "$(TARGET_NAME)";
				SWIFT_EMIT_LOC_STRINGS = NO;
				SWIFT_VERSION = 5.0;
				TARGETED_DEVICE_FAMILY = "1,2";
				TEST_HOST = "$(BUILT_PRODUCTS_DIR)/techNotify.app/$(BUNDLE_EXECUTABLE_FOLDER_PATH)/techNotify";
			};
			name = Release;
		};
		FAB1FF4E2ECFD99800170BA4 /* Debug */ = {
			isa = XCBuildConfiguration;
			buildSettings = {
				CODE_SIGN_STYLE = Automatic;
				CURRENT_PROJECT_VERSION = 1;
				DEVELOPMENT_TEAM = 6XVGR22BPV;
				GENERATE_INFOPLIST_FILE = YES;
				MARKETING_VERSION = 1.0;
				PRODUCT_BUNDLE_IDENTIFIER = com.veswip.techNotifyUITests;
				PRODUCT_NAME = "$(TARGET_NAME)";
				SWIFT_EMIT_LOC_STRINGS = NO;
				SWIFT_VERSION = 5.0;
				TARGETED_DEVICE_FAMILY = "1,2";
				TEST_TARGET_NAME = techNotify;
			};
			name = Debug;
		};
		FAB1FF4F2ECFD99800170BA4 /* Release */ = {
			isa = XCBuildConfiguration;
			buildSettings = {
				CODE_SIGN_STYLE = Automatic;
				CURRENT_PROJECT_VERSION = 1;
				DEVELOPMENT_TEAM = 6XVGR22BPV;
				GENERATE_INFOPLIST_FILE = YES;
				MARKETING_VERSION = 1.0;
				PRODUCT_BUNDLE_IDENTIFIER = com.veswip.techNotifyUITests;
				PRODUCT_NAME = "$(TARGET_NAME)";
				SWIFT_EMIT_LOC_STRINGS = NO;
				SWIFT_VERSION = 5.0;
				TARGETED_DEVICE_FAMILY = "1,2";
				TEST_TARGET_NAME = techNotify;
			};
			name = Release;
		};
/* End XCBuildConfiguration section */

/* Begin XCConfigurationList section */
		FAB1FF1E2ECFD99400170BA4 /* Build configuration list for PBXProject "techNotify" */ = {
			isa = XCConfigurationList;
			buildConfigurations = (
				FAB1FF452ECFD99800170BA4 /* Debug */,
				FAB1FF462ECFD99800170BA4 /* Release */,
			);
			defaultConfigurationIsVisible = 0;
			defaultConfigurationName = Release;
		};
		FAB1FF472ECFD99800170BA4 /* Build configuration list for PBXNativeTarget "techNotify" */ = {
			isa = XCConfigurationList;
			buildConfigurations = (
				FAB1FF482ECFD99800170BA4 /* Debug */,
				FAB1FF492ECFD99800170BA4 /* Release */,
			);
			defaultConfigurationIsVisible = 0;
			defaultConfigurationName = Release;
		};
		FAB1FF4A2ECFD99800170BA4 /* Build configuration list for PBXNativeTarget "techNotifyTests" */ = {
			isa = XCConfigurationList;
			buildConfigurations = (
				FAB1FF4B2ECFD99800170BA4 /* Debug */,
				FAB1FF4C2ECFD99800170BA4 /* Release */,
			);
			defaultConfigurationIsVisible = 0;
			defaultConfigurationName = Release;
		};
		FAB1FF4D2ECFD99800170BA4 /* Build configuration list for PBXNativeTarget "techNotifyUITests" */ = {
			isa = XCConfigurationList;
			buildConfigurations = (
				FAB1FF4E2ECFD99800170BA4 /* Debug */,
				FAB1FF4F2ECFD99800170BA4 /* Release */,
			);
			defaultConfigurationIsVisible = 0;
			defaultConfigurationName = Release;
		};
/* End XCConfigurationList section */
	};
	rootObject = FAB1FF1B2ECFD99400170BA4 /* Project object */;
}
